{
  "pins" : [
    {
      "identity" : "gcdwebserver",
      "kind" : "remoteSourceControl",
      "location" : "https://github.com/readium/GCDWebServer.git",
      "state" : {
        "revision" : "50caf05df2c70edadce143747c96fcd877fe05bb",
        "version" : "3.7.5"
      }
    },
    {
      "identity" : "swift-argument-parser",
      "kind" : "remoteSourceControl",
      "location" : "https://github.com/apple/swift-argument-parser",
      "state" : {
        "revision" : "cdd0ef3755280949551dc26dee5de9ddeda89f54",
        "version" : "1.6.2"
      }
    }
  ],
  "version" : 2
}
